
Microsoft Visual Studio Solution File, Format Version 12.00
# Visual Studio Version 16
VisualStudioVersion = 16.0.31129.286
MinimumVisualStudioVersion = 10.0.40219.1
Project("{FAE04EC0-301F-11D3-BF4B-00C04F79EFBC}") = "Aya3", "Aya3\Aya3.csproj", "{BBE83C78-FA17-497E-93E4-10B389A15349}"
EndProject
Global
	GlobalSection(SolutionConfigurationPlatforms) = preSolution
		Debug|Any CPU = Debug|Any CPU
		Release|Any CPU = Release|Any CPU
	EndGlobalSection
	GlobalSection(ProjectConfigurationPlatforms) = postSolution
		{BBE83C78-FA17-497E-93E4-10B389A15349}.Debug|Any CPU.ActiveCfg = Debug|Any CPU
		{BBE83C78-FA17-497E-93E4-10B389A15349}.Debug|Any CPU.Build.0 = Debug|Any CPU
		{BBE83C78-FA17-497E-93E4-10B389A15349}.Release|Any CPU.ActiveCfg = Release|Any CPU
		{BBE83C78-FA17-497E-93E4-10B389A15349}.Release|Any CPU.Build.0 = Release|Any CPU
	EndGlobalSection
	GlobalSection(SolutionProperties) = preSolution
		HideSolutionNode = FALSE
	EndGlobalSection
	GlobalSection(ExtensibilityGlobals) = postSolution
		SolutionGuid = {2284D4A6-7937-4687-9C97-5CC1AA83170F}
	EndGlobalSection
EndGlobal
